
Microsoft Visual Studio Solution File, Format Version 12.00
# Visual Studio Version 17
VisualStudioVersion = 17.3.32922.545
MinimumVisualStudioVersion = 10.0.40219.1
Project("{FAE04EC0-301F-11D3-BF4B-00C04F79EFBC}") = "Demo_ASP__SignalR_JWT", "Demo_ASP__SignalR_JWT\Demo_ASP__SignalR_JWT.csproj", "{6E58B7AB-E306-435E-8103-8BACC9DE724C}"
EndProject
Project("{FAE04EC0-301F-11D3-BF4B-00C04F79EFBC}") = "Demo_ASP__SignalR_JWT.App", "Demo_ASP__SignalR_JWT.App\Demo_ASP__SignalR_JWT.App.csproj", "{D1B6EC66-AFCD-4D7E-9391-F508171DBA25}"
EndProject
Global
	GlobalSection(SolutionConfigurationPlatforms) = preSolution
		Debug|Any CPU = Debug|Any CPU
		Release|Any CPU = Release|Any CPU
	EndGlobalSection
	GlobalSection(ProjectConfigurationPlatforms) = postSolution
		{6E58B7AB-E306-435E-8103-8BACC9DE724C}.Debug|Any CPU.ActiveCfg = Debug|Any CPU
		{6E58B7AB-E306-435E-8103-8BACC9DE724C}.Debug|Any CPU.Build.0 = Debug|Any CPU
		{6E58B7AB-E306-435E-8103-8BACC9DE724C}.Release|Any CPU.ActiveCfg = Release|Any CPU
		{6E58B7AB-E306-435E-8103-8BACC9DE724C}.Release|Any CPU.Build.0 = Release|Any CPU
		{D1B6EC66-AFCD-4D7E-9391-F508171DBA25}.Debug|Any CPU.ActiveCfg = Debug|Any CPU
		{D1B6EC66-AFCD-4D7E-9391-F508171DBA25}.Debug|Any CPU.Build.0 = Debug|Any CPU
		{D1B6EC66-AFCD-4D7E-9391-F508171DBA25}.Release|Any CPU.ActiveCfg = Release|Any CPU
		{D1B6EC66-AFCD-4D7E-9391-F508171DBA25}.Release|Any CPU.Build.0 = Release|Any CPU
	EndGlobalSection
	GlobalSection(SolutionProperties) = preSolution
		HideSolutionNode = FALSE
	EndGlobalSection
	GlobalSection(ExtensibilityGlobals) = postSolution
		SolutionGuid = {CB8035F1-78FD-46CA-AB63-8F4B41396C94}
	EndGlobalSection
EndGlobal
